
Microsoft Visual Studio Solution File, Format Version 12.00
# Visual Studio Version 17
VisualStudioVersion = 17.13.35931.197
MinimumVisualStudioVersion = 10.0.40219.1
Project("{FAE04EC0-301F-11D3-BF4B-00C04F79EFBC}") = "KitchenEquipmentManagement.WPF", "KitchenEquipmentManagement.WPF\KitchenEquipmentManagement.WPF.csproj", "{769D0B8A-4ACD-434F-8D96-569D4EC78ADD}"
EndProject
Project("{FAE04EC0-301F-11D3-BF4B-00C04F79EFBC}") = "KitchenEquipmentManagement.ApplicationLayer", "KitchenEquipmentManagement,Application\KitchenEquipmentManagement.ApplicationLayer.csproj", "{8D6D3216-280B-44E8-8C5A-61AC5FFC854A}"
EndProject
Project("{FAE04EC0-301F-11D3-BF4B-00C04F79EFBC}") = "KitchenEquipmentManagement.Domain", "KitchenEquipmentManagement.Domain\KitchenEquipmentManagement.Domain.csproj", "{B8A2EDF9-68BD-4691-86CA-8E2406610A25}"
EndProject
Project("{FAE04EC0-301F-11D3-BF4B-00C04F79EFBC}") = "KitchenEquipmentManagement.Infrastructure", "KitchenEquipmentManagement.Infrastructure\KitchenEquipmentManagement.Infrastructure.csproj", "{2CFA458D-9E28-4E07-90BF-BF861824476F}"
EndProject
Project("{FAE04EC0-301F-11D3-BF4B-00C04F79EFBC}") = "KitchenEquipmentManagement.Data", "KitchenEquipmentManagement.Data\KitchenEquipmentManagement.Data.csproj", "{CC149304-587E-460E-BADC-BF6EDC758231}"
EndProject
Global
	GlobalSection(SolutionConfigurationPlatforms) = preSolution
		Debug|Any CPU = Debug|Any CPU
		Release|Any CPU = Release|Any CPU
	EndGlobalSection
	GlobalSection(ProjectConfigurationPlatforms) = postSolution
		{769D0B8A-4ACD-434F-8D96-569D4EC78ADD}.Debug|Any CPU.ActiveCfg = Debug|Any CPU
		{769D0B8A-4ACD-434F-8D96-569D4EC78ADD}.Debug|Any CPU.Build.0 = Debug|Any CPU
		{769D0B8A-4ACD-434F-8D96-569D4EC78ADD}.Release|Any CPU.ActiveCfg = Release|Any CPU
		{769D0B8A-4ACD-434F-8D96-569D4EC78ADD}.Release|Any CPU.Build.0 = Release|Any CPU
		{8D6D3216-280B-44E8-8C5A-61AC5FFC854A}.Debug|Any CPU.ActiveCfg = Debug|Any CPU
		{8D6D3216-280B-44E8-8C5A-61AC5FFC854A}.Debug|Any CPU.Build.0 = Debug|Any CPU
		{8D6D3216-280B-44E8-8C5A-61AC5FFC854A}.Release|Any CPU.ActiveCfg = Release|Any CPU
		{8D6D3216-280B-44E8-8C5A-61AC5FFC854A}.Release|Any CPU.Build.0 = Release|Any CPU
		{B8A2EDF9-68BD-4691-86CA-8E2406610A25}.Debug|Any CPU.ActiveCfg = Debug|Any CPU
		{B8A2EDF9-68BD-4691-86CA-8E2406610A25}.Debug|Any CPU.Build.0 = Debug|Any CPU
		{B8A2EDF9-68BD-4691-86CA-8E2406610A25}.Release|Any CPU.ActiveCfg = Release|Any CPU
		{B8A2EDF9-68BD-4691-86CA-8E2406610A25}.Release|Any CPU.Build.0 = Release|Any CPU
		{2CFA458D-9E28-4E07-90BF-BF861824476F}.Debug|Any CPU.ActiveCfg = Debug|Any CPU
		{2CFA458D-9E28-4E07-90BF-BF861824476F}.Debug|Any CPU.Build.0 = Debug|Any CPU
		{2CFA458D-9E28-4E07-90BF-BF861824476F}.Release|Any CPU.ActiveCfg = Release|Any CPU
		{2CFA458D-9E28-4E07-90BF-BF861824476F}.Release|Any CPU.Build.0 = Release|Any CPU
		{CC149304-587E-460E-BADC-BF6EDC758231}.Debug|Any CPU.ActiveCfg = Debug|Any CPU
		{CC149304-587E-460E-BADC-BF6EDC758231}.Debug|Any CPU.Build.0 = Debug|Any CPU
		{CC149304-587E-460E-BADC-BF6EDC758231}.Release|Any CPU.ActiveCfg = Release|Any CPU
		{CC149304-587E-460E-BADC-BF6EDC758231}.Release|Any CPU.Build.0 = Release|Any CPU
	EndGlobalSection
	GlobalSection(SolutionProperties) = preSolution
		HideSolutionNode = FALSE
	EndGlobalSection
	GlobalSection(ExtensibilityGlobals) = postSolution
		SolutionGuid = {47A56C1C-0934-4CF8-832A-422B2EF00A72}
	EndGlobalSection
EndGlobal
